// !$*UTF8*$!
{
	archiveVersion = 1;
	classes = {
	};
	objectVersion = 46;
	objects = {

/* Begin PBXBuildFile section */
		85AE778718A1DE4F00C5292C /* DenVector.cpp in Sources */ = {isa = PBXBuildFile; fileRef = 85AE778518A1DE4F00C5292C /* DenVector.cpp */; };
		85AE778918A1E28F00C5292C /* DenVector.h in Headers */ = {isa = PBXBuildFile; fileRef = 85AE777E18A1DCB500C5292C /* DenVector.h */; settings = {ATTRIBUTES = (Public, ); }; };
/* End PBXBuildFile section */

/* Begin PBXFileReference section */
		85AE777718A1DADF00C5292C /* libDenver.a */ = {isa = PBXFileReference; explicitFileType = archive.ar; includeInIndex = 0; path = libDenver.a; sourceTree = BUILT_PRODUCTS_DIR; };
		85AE777E18A1DCB500C5292C /* DenVector.h */ = {isa = PBXFileReference; lastKnownFileType = sourcecode.c.h; name = DenVector.h; path = include/DenVector.h; sourceTree = "<group>"; };
		85AE778518A1DE4F00C5292C /* DenVector.cpp */ = {isa = PBXFileReference; fileEncoding = 4; lastKnownFileType = sourcecode.cpp.cpp; name = DenVector.cpp; path = source/DenVector.cpp; sourceTree = "<group>"; };
/* End PBXFileReference section */

/* Begin PBXFrameworksBuildPhase section */
		85AE777418A1DADF00C5292C /* Frameworks */ = {
			isa = PBXFrameworksBuildPhase;
			buildActionMask = 2147483647;
			files = (
			);
			runOnlyForDeploymentPostprocessing = 0;
		};
/* End PBXFrameworksBuildPhase section */

/* Begin PBXGroup section */
		85AE776E18A1DADF00C5292C = {
			isa = PBXGroup;
			children = (
				85AE778018A1DE0D00C5292C /* source */,
				85AE777F18A1DE0200C5292C /* include */,
				85AE777818A1DADF00C5292C /* Products */,
			);
			sourceTree = "<group>";
		};
		85AE777818A1DADF00C5292C /* Products */ = {
			isa = PBXGroup;
			children = (
				85AE777718A1DADF00C5292C /* libDenver.a */,
			);
			name = Products;
			sourceTree = "<group>";
		};
		85AE777F18A1DE0200C5292C /* include */ = {
			isa = PBXGroup;
			children = (
				85AE777E18A1DCB500C5292C /* DenVector.h */,
			);
			name = include;
			sourceTree = "<group>";
		};
		85AE778018A1DE0D00C5292C /* source */ = {
			isa = PBXGroup;
			children = (
				85AE778518A1DE4F00C5292C /* DenVector.cpp */,
			);
			name = source;
			sourceTree = "<group>";
		};
/* End PBXGroup section */

/* Begin PBXHeadersBuildPhase section */
		85AE777518A1DADF00C5292C /* Headers */ = {
			isa = PBXHeadersBuildPhase;
			buildActionMask = 2147483647;
			files = (
				85AE778918A1E28F00C5292C /* DenVector.h in Headers */,
			);
			runOnlyForDeploymentPostprocessing = 0;
		};
/* End PBXHeadersBuildPhase section */

/* Begin PBXNativeTarget section */
		85AE777618A1DADF00C5292C /* Denver */ = {
			isa = PBXNativeTarget;
			buildConfigurationList = 85AE777B18A1DADF00C5292C /* Build configuration list for PBXNativeTarget "Denver" */;
			buildPhases = (
				85AE777318A1DADF00C5292C /* Sources */,
				85AE777418A1DADF00C5292C /* Frameworks */,
				85AE777518A1DADF00C5292C /* Headers */,
			);
			buildRules = (
			);
			dependencies = (
			);
			name = Denver;
			productName = Denver;
			productReference = 85AE777718A1DADF00C5292C /* libDenver.a */;
			productType = "com.apple.product-type.library.static";
		};
/* End PBXNativeTarget section */

/* Begin PBXProject section */
		85AE776F18A1DADF00C5292C /* Project object */ = {
			isa = PBXProject;
			attributes = {
				LastUpgradeCheck = 0500;
				ORGANIZATIONNAME = ijk;
			};
			buildConfigurationList = 85AE777218A1DADF00C5292C /* Build configuration list for PBXProject "Denver" */;
			compatibilityVersion = "Xcode 3.2";
			developmentRegion = English;
			hasScannedForEncodings = 0;
			knownRegions = (
				en,
			);
			mainGroup = 85AE776E18A1DADF00C5292C;
			productRefGroup = 85AE777818A1DADF00C5292C /* Products */;
			projectDirPath = "";
			projectRoot = "";
			targets = (
				85AE777618A1DADF00C5292C /* Denver */,
			);
		};
/* End PBXProject section */

/* Begin PBXSourcesBuildPhase section */
		85AE777318A1DADF00C5292C /* Sources */ = {
			isa = PBXSourcesBuildPhase;
			buildActionMask = 2147483647;
			files = (
				85AE778718A1DE4F00C5292C /* DenVector.cpp in Sources */,
			);
			runOnlyForDeploymentPostprocessing = 0;
		};
/* End PBXSourcesBuildPhase section */

/* Begin XCBuildConfiguration section */
		85AE777918A1DADF00C5292C /* Debug */ = {
			isa = XCBuildConfiguration;
			buildSettings = {
				ALWAYS_SEARCH_USER_PATHS = NO;
				CLANG_CXX_LANGUAGE_STANDARD = "gnu++0x";
				CLANG_CXX_LIBRARY = "libc++";
				CLANG_ENABLE_OBJC_ARC = YES;
				CLANG_WARN_BOOL_CONVERSION = YES;
				CLANG_WARN_CONSTANT_CONVERSION = YES;
				CLANG_WARN_DIRECT_OBJC_ISA_USAGE = YES_ERROR;
				CLANG_WARN_EMPTY_BODY = YES;
				CLANG_WARN_ENUM_CONVERSION = YES;
				CLANG_WARN_INT_CONVERSION = YES;
				CLANG_WARN_OBJC_ROOT_CLASS = YES_ERROR;
				CLANG_WARN__DUPLICATE_METHOD_MATCH = YES;
				COPY_PHASE_STRIP = NO;
				GCC_C_LANGUAGE_STANDARD = gnu99;
				GCC_DYNAMIC_NO_PIC = NO;
				GCC_ENABLE_OBJC_EXCEPTIONS = YES;
				GCC_OPTIMIZATION_LEVEL = 0;
				GCC_PREPROCESSOR_DEFINITIONS = (
					"DEBUG=1",
					"$(inherited)",
				);
				GCC_SYMBOLS_PRIVATE_EXTERN = NO;
				GCC_WARN_64_TO_32_BIT_CONVERSION = YES;
				GCC_WARN_ABOUT_RETURN_TYPE = YES_ERROR;
				GCC_WARN_UNDECLARED_SELECTOR = YES;
				GCC_WARN_UNINITIALIZED_AUTOS = YES;
				GCC_WARN_UNUSED_FUNCTION = YES;
				GCC_WARN_UNUSED_VARIABLE = YES;
				MACOSX_DEPLOYMENT_TARGET = 10.9;
				ONLY_ACTIVE_ARCH = YES;
				SDKROOT = macosx;
			};
			name = Debug;
		};
		85AE777A18A1DADF00C5292C /* Release */ = {
			isa = XCBuildConfiguration;
			buildSettings = {
				ALWAYS_SEARCH_USER_PATHS = NO;
				CLANG_CXX_LANGUAGE_STANDARD = "gnu++0x";
				CLANG_CXX_LIBRARY = "libc++";
				CLANG_ENABLE_OBJC_ARC = YES;
				CLANG_WARN_BOOL_CONVERSION = YES;
				CLANG_WARN_CONSTANT_CONVERSION = YES;
				CLANG_WARN_DIRECT_OBJC_ISA_USAGE = YES_ERROR;
				CLANG_WARN_EMPTY_BODY = YES;
				CLANG_WARN_ENUM_CONVERSION = YES;
				CLANG_WARN_INT_CONVERSION = YES;
				CLANG_WARN_OBJC_ROOT_CLASS = YES_ERROR;
				CLANG_WARN__DUPLICATE_METHOD_MATCH = YES;
				COPY_PHASE_STRIP = YES;
				DEBUG_INFORMATION_FORMAT = "dwarf-with-dsym";
				ENABLE_NS_ASSERTIONS = NO;
				GCC_C_LANGUAGE_STANDARD = gnu99;
				GCC_ENABLE_OBJC_EXCEPTIONS = YES;
				GCC_WARN_64_TO_32_BIT_CONVERSION = YES;
				GCC_WARN_ABOUT_RETURN_TYPE = YES_ERROR;
				GCC_WARN_UNDECLARED_SELECTOR = YES;
				GCC_WARN_UNINITIALIZED_AUTOS = YES;
				GCC_WARN_UNUSED_FUNCTION = YES;
				GCC_WARN_UNUSED_VARIABLE = YES;
				MACOSX_DEPLOYMENT_TARGET = 10.9;
				SDKROOT = macosx;
			};
			name = Release;
		};
		85AE777C18A1DADF00C5292C /* Debug */ = {
			isa = XCBuildConfiguration;
			buildSettings = {
				DEBUG_INFORMATION_FORMAT = "dwarf-with-dsym";
				EXECUTABLE_PREFIX = lib;
				PRODUCT_NAME = "$(TARGET_NAME)";
			};
			name = Debug;
		};
		85AE777D18A1DADF00C5292C /* Release */ = {
			isa = XCBuildConfiguration;
			buildSettings = {
				EXECUTABLE_PREFIX = lib;
				PRODUCT_NAME = "$(TARGET_NAME)";
			};
			name = Release;
		};
/* End XCBuildConfiguration section */

/* Begin XCConfigurationList section */
		85AE777218A1DADF00C5292C /* Build configuration list for PBXProject "Denver" */ = {
			isa = XCConfigurationList;
			buildConfigurations = (
				85AE777918A1DADF00C5292C /* Debug */,
				85AE777A18A1DADF00C5292C /* Release */,
			);
			defaultConfigurationIsVisible = 0;
			defaultConfigurationName = Release;
		};
		85AE777B18A1DADF00C5292C /* Build configuration list for PBXNativeTarget "Denver" */ = {
			isa = XCConfigurationList;
			buildConfigurations = (
				85AE777C18A1DADF00C5292C /* Debug */,
				85AE777D18A1DADF00C5292C /* Release */,
			);
			defaultConfigurationIsVisible = 0;
		};
/* End XCConfigurationList section */
	};
	rootObject = 85AE776F18A1DADF00C5292C /* Project object */;
}
